Microsoft Visual Studio Solution File, Format Version 11.00
# Visual Studio 2008

Project("{EF8D5993-8F1A-9A57-B615-0DCFDA997742}") = "TerrainProject", "Assembly-CSharp-firstpass.csproj", "{DE1E5097-67AD-7A55-030F-833DCD0503A0}"
EndProject
Project("{EF8D5993-8F1A-9A57-B615-0DCFDA997742}") = "TerrainProject", "Assembly-CSharp.csproj", "{CDB1B05B-E114-AED7-E99D-45E97A972F1F}"
EndProject
Project("{EF8D5993-8F1A-9A57-B615-0DCFDA997742}") = "TerrainProject", "Assembly-UnityScript-firstpass.unityproj", "{B944D079-5D0B-9B72-EA5F-CA57E4297567}"
EndProject
Global
	GlobalSection(SolutionConfigurationPlatforms) = preSolution
		Debug|Any CPU = Debug|Any CPU
		Release|Any CPU = Release|Any CPU
	EndGlobalSection
	GlobalSection(ProjectConfigurationPlatforms) = postSolution
		{DE1E5097-67AD-7A55-030F-833DCD0503A0}.Debug|Any CPU.ActiveCfg = Debug|Any CPU
		{DE1E5097-67AD-7A55-030F-833DCD0503A0}.Debug|Any CPU.Build.0 = Debug|Any CPU
		{DE1E5097-67AD-7A55-030F-833DCD0503A0}.Release|Any CPU.ActiveCfg = Release|Any CPU
		{DE1E5097-67AD-7A55-030F-833DCD0503A0}.Release|Any CPU.Build.0 = Release|Any CPU
		{CDB1B05B-E114-AED7-E99D-45E97A972F1F}.Debug|Any CPU.ActiveCfg = Debug|Any CPU
		{CDB1B05B-E114-AED7-E99D-45E97A972F1F}.Debug|Any CPU.Build.0 = Debug|Any CPU
		{CDB1B05B-E114-AED7-E99D-45E97A972F1F}.Release|Any CPU.ActiveCfg = Release|Any CPU
		{CDB1B05B-E114-AED7-E99D-45E97A972F1F}.Release|Any CPU.Build.0 = Release|Any CPU
		{B944D079-5D0B-9B72-EA5F-CA57E4297567}.Debug|Any CPU.ActiveCfg = Debug|Any CPU
		{B944D079-5D0B-9B72-EA5F-CA57E4297567}.Debug|Any CPU.Build.0 = Debug|Any CPU
		{B944D079-5D0B-9B72-EA5F-CA57E4297567}.Release|Any CPU.ActiveCfg = Release|Any CPU
		{B944D079-5D0B-9B72-EA5F-CA57E4297567}.Release|Any CPU.Build.0 = Release|Any CPU
	EndGlobalSection
	GlobalSection(SolutionProperties) = preSolution
		HideSolutionNode = FALSE
	EndGlobalSection
																GlobalSection(MonoDevelopProperties) = preSolution
		StartupItem = Assembly-CSharp.csproj
		Policies = $0
		$0.TextStylePolicy = $1
		$1.inheritsSet = null
		$1.scope = text/x-csharp
		$0.CSharpFormattingPolicy = $2
		$2.inheritsSet = Mono
		$2.inheritsScope = text/x-csharp
		$2.scope = text/x-csharp
		$0.TextStylePolicy = $3
		$3.FileWidth = 120
		$3.TabWidth = 4
		$3.EolMarker = Unix
		$3.inheritsSet = Mono
		$3.inheritsScope = text/plain
		$3.scope = text/plain
	EndGlobalSection

EndGlobal
